PODS:
  - Alamofire (4.2.0)
  - BaiduMapKit (3.1.0)
  - BMPlayer (0.7.1):
    - NVActivityIndicatorView
    - SnapKit (~> 3.0)
  - Bugly (2.4.2)
  - Kingfisher (3.1.4)
  - MJRefresh (3.1.12)
  - NVActivityIndicatorView (3.1)
  - ObjectMapper (2.0.0)
  - PKHUD (3.2.1)
  - SnapKit (3.0.2)
  - SwiftyJSON (3.1.4)

DEPENDENCIES:
  - Alamofire (~> 4.2.0)
  - BaiduMapKit
  - BMPlayer (from `https://github.com/BrikerMan/BMPlayer.git`)
  - Bugly
  - Kingfisher (~> 3.1.0)
  - MJRefresh
  - ObjectMapper (~> 2.0.0)
  - PKHUD (from `https://github.com/toyship/PKHUD.git`)
  - SnapKit (~> 3.0)
  - SwiftyJSON (from `https://github.com/SwiftyJSON/SwiftyJSON.git`)

EXTERNAL SOURCES:
  BMPlayer:
    :git: https://github.com/BrikerMan/BMPlayer.git
  PKHUD:
    :git: https://github.com/toyship/PKHUD.git
  SwiftyJSON:
    :git: https://github.com/SwiftyJSON/SwiftyJSON.git

CHECKOUT OPTIONS:
  BMPlayer:
    :commit: 34cc708b1a142fa06e46564e8d20974ec6f4ac6f
    :git: https://github.com/BrikerMan/BMPlayer.git
  PKHUD:
    :commit: 28fb970b41d63134e962f9da766b96670c0f55f0
    :git: https://github.com/toyship/PKHUD.git
  SwiftyJSON:
    :commit: adf34cfb4c9f2ff4e3c420c6d9fb1e2eaf3b3791
    :git: https://github.com/SwiftyJSON/SwiftyJSON.git

SPEC CHECKSUMS:
  Alamofire: aa2e09d871c9160ac53c90e83c68064a94e3dfbe
  BaiduMapKit: 4cfaedb118cff7e157e9771859a4bf65a261b2a1
  BMPlayer: 8b34b3167e92a4de5deffd17ec3dfb5ffdaa8dca
  Bugly: b09cd3c7e54048a0e079be88a7a99610f14eab8f
  Kingfisher: 6c67e3e57f2d81a9cfdfa25052cd86f33ceac9bb
  MJRefresh: b96cdb21c4aa75a7b07654311ab2f315c497e806
  NVActivityIndicatorView: 9f47e8a4affb860ef729aeec99b1550219e6c233
  ObjectMapper: aed2570edabbd3c9b26c939e1cabdb6558f933e0
  PKHUD: 001c11518f125a273ddf026bcc64918423744ea2
  SnapKit: 2e456761aa92d4d4067a7a5594c18769d451a8ad
  SwiftyJSON: 05cf0e98a950e2ba343735264f5a96b81e755d00

PODFILE CHECKSUM: cde137b1816571aa335dc290b2239effb0712cd8

COCOAPODS: 1.1.1
